
Microsoft Visual Studio Solution File, Format Version 12.00
# Visual Studio Version 16
VisualStudioVersion = 16.0.30204.135
MinimumVisualStudioVersion = 10.0.40219.1
Project("{FAE04EC0-301F-11D3-BF4B-00C04F79EFBC}") = "PIxelBot", "PIxelBot\PIxelBot.csproj", "{55D145CF-134C-4E93-8909-FDC060AB471F}"
EndProject
Global
	GlobalSection(SolutionConfigurationPlatforms) = preSolution
		Debug|Any CPU = Debug|Any CPU
		Release|Any CPU = Release|Any CPU
	EndGlobalSection
	GlobalSection(ProjectConfigurationPlatforms) = postSolution
		{55D145CF-134C-4E93-8909-FDC060AB471F}.Debug|Any CPU.ActiveCfg = Debug|Any CPU
		{55D145CF-134C-4E93-8909-FDC060AB471F}.Debug|Any CPU.Build.0 = Debug|Any CPU
		{55D145CF-134C-4E93-8909-FDC060AB471F}.Release|Any CPU.ActiveCfg = Release|Any CPU
		{55D145CF-134C-4E93-8909-FDC060AB471F}.Release|Any CPU.Build.0 = Release|Any CPU
	EndGlobalSection
	GlobalSection(SolutionProperties) = preSolution
		HideSolutionNode = FALSE
	EndGlobalSection
	GlobalSection(ExtensibilityGlobals) = postSolution
		SolutionGuid = {24B23FD1-DEA4-488B-9AA3-0F3E0706D493}
	EndGlobalSection
EndGlobal
